// !$*UTF8*$!
{
	archiveVersion = 1;
	classes = {
	};
	objectVersion = 50;
	objects = {

/* Begin PBXBuildFile section */
		430DB41524F172E300AB0CC4 /* AppDelegate.swift in Sources */ = {isa = PBXBuildFile; fileRef = 430DB41424F172E300AB0CC4 /* AppDelegate.swift */; };
		430DB41724F172E300AB0CC4 /* SceneDelegate.swift in Sources */ = {isa = PBXBuildFile; fileRef = 430DB41624F172E300AB0CC4 /* SceneDelegate.swift */; };
		430DB41924F172E300AB0CC4 /* SettingColorViewController.swift in Sources */ = {isa = PBXBuildFile; fileRef = 430DB41824F172E300AB0CC4 /* SettingColorViewController.swift */; };
		430DB41C24F172E300AB0CC4 /* Main.storyboard in Resources */ = {isa = PBXBuildFile; fileRef = 430DB41A24F172E300AB0CC4 /* Main.storyboard */; };
		430DB41E24F172E300AB0CC4 /* Assets.xcassets in Resources */ = {isa = PBXBuildFile; fileRef = 430DB41D24F172E300AB0CC4 /* Assets.xcassets */; };
		430DB42124F172E300AB0CC4 /* LaunchScreen.storyboard in Resources */ = {isa = PBXBuildFile; fileRef = 430DB41F24F172E300AB0CC4 /* LaunchScreen.storyboard */; };
		43EC07F92503BA8A006D2331 /* MainPageViewController.swift in Sources */ = {isa = PBXBuildFile; fileRef = 43EC07F82503BA8A006D2331 /* MainPageViewController.swift */; };
/* End PBXBuildFile section */

/* Begin PBXFileReference section */
		430DB41124F172E300AB0CC4 /* slidersRGB.app */ = {isa = PBXFileReference; explicitFileType = wrapper.application; includeInIndex = 0; path = slidersRGB.app; sourceTree = BUILT_PRODUCTS_DIR; };
		430DB41424F172E300AB0CC4 /* AppDelegate.swift */ = {isa = PBXFileReference; lastKnownFileType = sourcecode.swift; path = AppDelegate.swift; sourceTree = "<group>"; };
		430DB41624F172E300AB0CC4 /* SceneDelegate.swift */ = {isa = PBXFileReference; lastKnownFileType = sourcecode.swift; path = SceneDelegate.swift; sourceTree = "<group>"; };
		430DB41824F172E300AB0CC4 /* SettingColorViewController.swift */ = {isa = PBXFileReference; lastKnownFileType = sourcecode.swift; path = SettingColorViewController.swift; sourceTree = "<group>"; };
		430DB41B24F172E300AB0CC4 /* Base */ = {isa = PBXFileReference; lastKnownFileType = file.storyboard; name = Base; path = Base.lproj/Main.storyboard; sourceTree = "<group>"; };
		430DB41D24F172E300AB0CC4 /* Assets.xcassets */ = {isa = PBXFileReference; lastKnownFileType = folder.assetcatalog; path = Assets.xcassets; sourceTree = "<group>"; };
		430DB42024F172E300AB0CC4 /* Base */ = {isa = PBXFileReference; lastKnownFileType = file.storyboard; name = Base; path = Base.lproj/LaunchScreen.storyboard; sourceTree = "<group>"; };
		430DB42224F172E300AB0CC4 /* Info.plist */ = {isa = PBXFileReference; lastKnownFileType = text.plist.xml; path = Info.plist; sourceTree = "<group>"; };
		43EC07F82503BA8A006D2331 /* MainPageViewController.swift */ = {isa = PBXFileReference; lastKnownFileType = sourcecode.swift; path = MainPageViewController.swift; sourceTree = "<group>"; };
/* End PBXFileReference section */

/* Begin PBXFrameworksBuildPhase section */
		430DB40E24F172E300AB0CC4 /* Frameworks */ = {
			isa = PBXFrameworksBuildPhase;
			buildActionMask = 2147483647;
			files = (
			);
			runOnlyForDeploymentPostprocessing = 0;
		};
/* End PBXFrameworksBuildPhase section */

/* Begin PBXGroup section */
		430DB40824F172E300AB0CC4 = {
			isa = PBXGroup;
			children = (
				430DB41324F172E300AB0CC4 /* slidersRGB */,
				430DB41224F172E300AB0CC4 /* Products */,
			);
			sourceTree = "<group>";
		};
		430DB41224F172E300AB0CC4 /* Products */ = {
			isa = PBXGroup;
			children = (
				430DB41124F172E300AB0CC4 /* slidersRGB.app */,
			);
			name = Products;
			sourceTree = "<group>";
		};
		430DB41324F172E300AB0CC4 /* slidersRGB */ = {
			isa = PBXGroup;
			children = (
				430DB41424F172E300AB0CC4 /* AppDelegate.swift */,
				430DB41624F172E300AB0CC4 /* SceneDelegate.swift */,
				430DB41824F172E300AB0CC4 /* SettingColorViewController.swift */,
				430DB41A24F172E300AB0CC4 /* Main.storyboard */,
				43EC07F82503BA8A006D2331 /* MainPageViewController.swift */,
				430DB41D24F172E300AB0CC4 /* Assets.xcassets */,
				430DB41F24F172E300AB0CC4 /* LaunchScreen.storyboard */,
				430DB42224F172E300AB0CC4 /* Info.plist */,
			);
			path = slidersRGB;
			sourceTree = "<group>";
		};
/* End PBXGroup section */

/* Begin PBXNativeTarget section */
		430DB41024F172E300AB0CC4 /* slidersRGB */ = {
			isa = PBXNativeTarget;
			buildConfigurationList = 430DB42524F172E300AB0CC4 /* Build configuration list for PBXNativeTarget "slidersRGB" */;
			buildPhases = (
				430DB40D24F172E300AB0CC4 /* Sources */,
				430DB40E24F172E300AB0CC4 /* Frameworks */,
				430DB40F24F172E300AB0CC4 /* Resources */,
			);
			buildRules = (
			);
			dependencies = (
			);
			name = slidersRGB;
			productName = slidersRGB;
			productReference = 430DB41124F172E300AB0CC4 /* slidersRGB.app */;
			productType = "com.apple.product-type.application";
		};
/* End PBXNativeTarget section */

/* Begin PBXProject section */
		430DB40924F172E300AB0CC4 /* Project object */ = {
			isa = PBXProject;
			attributes = {
				LastSwiftUpdateCheck = 1160;
				LastUpgradeCheck = 1160;
				ORGANIZATIONNAME = "Mikhail Miliusha";
				TargetAttributes = {
					430DB41024F172E300AB0CC4 = {
						CreatedOnToolsVersion = 11.6;
					};
				};
			};
			buildConfigurationList = 430DB40C24F172E300AB0CC4 /* Build configuration list for PBXProject "slidersRGB" */;
			compatibilityVersion = "Xcode 9.3";
			developmentRegion = en;
			hasScannedForEncodings = 0;
			knownRegions = (
				en,
				Base,
			);
			mainGroup = 430DB40824F172E300AB0CC4;
			productRefGroup = 430DB41224F172E300AB0CC4 /* Products */;
			projectDirPath = "";
			projectRoot = "";
			targets = (
				430DB41024F172E300AB0CC4 /* slidersRGB */,
			);
		};
/* End PBXProject section */

/* Begin PBXResourcesBuildPhase section */
		430DB40F24F172E300AB0CC4 /* Resources */ = {
			isa = PBXResourcesBuildPhase;
			buildActionMask = 2147483647;
			files = (
				430DB42124F172E300AB0CC4 /* LaunchScreen.storyboard in Resources */,
				430DB41E24F172E300AB0CC4 /* Assets.xcassets in Resources */,
				430DB41C24F172E300AB0CC4 /* Main.storyboard in Resources */,
			);
			runOnlyForDeploymentPostprocessing = 0;
		};
/* End PBXResourcesBuildPhase section */

/* Begin PBXSourcesBuildPhase section */
		430DB40D24F172E300AB0CC4 /* Sources */ = {
			isa = PBXSourcesBuildPhase;
			buildActionMask = 2147483647;
			files = (
				43EC07F92503BA8A006D2331 /* MainPageViewController.swift in Sources */,
				430DB41924F172E300AB0CC4 /* SettingColorViewController.swift in Sources */,
				430DB41524F172E300AB0CC4 /* AppDelegate.swift in Sources */,
				430DB41724F172E300AB0CC4 /* SceneDelegate.swift in Sources */,
			);
			runOnlyForDeploymentPostprocessing = 0;
		};
/* End PBXSourcesBuildPhase section */

/* Begin PBXVariantGroup section */
		430DB41A24F172E300AB0CC4 /* Main.storyboard */ = {
			isa = PBXVariantGroup;
			children = (
				430DB41B24F172E300AB0CC4 /* Base */,
			);
			name = Main.storyboard;
			sourceTree = "<group>";
		};
		430DB41F24F172E300AB0CC4 /* LaunchScreen.storyboard */ = {
			isa = PBXVariantGroup;
			children = (
				430DB42024F172E300AB0CC4 /* Base */,
			);
			name = LaunchScreen.storyboard;
			sourceTree = "<group>";
		};
/* End PBXVariantGroup section */

/* Begin XCBuildConfiguration section */
		430DB42324F172E300AB0CC4 /* Debug */ = {
			isa = XCBuildConfiguration;
			buildSettings = {
				ALWAYS_SEARCH_USER_PATHS = NO;
				CLANG_ANALYZER_NONNULL = YES;
				CLANG_ANALYZER_NUMBER_OBJECT_CONVERSION = YES_AGGRESSIVE;
				CLANG_CXX_LANGUAGE_STANDARD = "gnu++14";
				CLANG_CXX_LIBRARY = "libc++";
				CLANG_ENABLE_MODULES = YES;
				CLANG_ENABLE_OBJC_ARC = YES;
				CLANG_ENABLE_OBJC_WEAK = YES;
				CLANG_WARN_BLOCK_CAPTURE_AUTORELEASING = YES;
				CLANG_WARN_BOOL_CONVERSION = YES;
				CLANG_WARN_COMMA = YES;
				CLANG_WARN_CONSTANT_CONVERSION = YES;
				CLANG_WARN_DEPRECATED_OBJC_IMPLEMENTATIONS = YES;
				CLANG_WARN_DIRECT_OBJC_ISA_USAGE = YES_ERROR;
				CLANG_WARN_DOCUMENTATION_COMMENTS = YES;
				CLANG_WARN_EMPTY_BODY = YES;
				CLANG_WARN_ENUM_CONVERSION = YES;
				CLANG_WARN_INFINITE_RECURSION = YES;
				CLANG_WARN_INT_CONVERSION = YES;
				CLANG_WARN_NON_LITERAL_NULL_CONVERSION = YES;
				CLANG_WARN_OBJC_IMPLICIT_RETAIN_SELF = YES;
				CLANG_WARN_OBJC_LITERAL_CONVERSION = YES;
				CLANG_WARN_OBJC_ROOT_CLASS = YES_ERROR;
				CLANG_WARN_RANGE_LOOP_ANALYSIS = YES;
				CLANG_WARN_STRICT_PROTOTYPES = YES;
				CLANG_WARN_SUSPICIOUS_MOVE = YES;
				CLANG_WARN_UNGUARDED_AVAILABILITY = YES_AGGRESSIVE;
				CLANG_WARN_UNREACHABLE_CODE = YES;
				CLANG_WARN__DUPLICATE_METHOD_MATCH = YES;
				COPY_PHASE_STRIP = NO;
				DEBUG_INFORMATION_FORMAT = dwarf;
				ENABLE_STRICT_OBJC_MSGSEND = YES;
				ENABLE_TESTABILITY = YES;
				GCC_C_LANGUAGE_STANDARD = gnu11;
				GCC_DYNAMIC_NO_PIC = NO;
				GCC_NO_COMMON_BLOCKS = YES;
				GCC_OPTIMIZATION_LEVEL = 0;
				GCC_PREPROCESSOR_DEFINITIONS = (
					"DEBUG=1",
					"$(inherited)",
				);
				GCC_WARN_64_TO_32_BIT_CONVERSION = YES;
				GCC_WARN_ABOUT_RETURN_TYPE = YES_ERROR;
				GCC_WARN_UNDECLARED_SELECTOR = YES;
				GCC_WARN_UNINITIALIZED_AUTOS = YES_AGGRESSIVE;
				GCC_WARN_UNUSED_FUNCTION = YES;
				GCC_WARN_UNUSED_VARIABLE = YES;
				IPHONEOS_DEPLOYMENT_TARGET = 13.6;
				MTL_ENABLE_DEBUG_INFO = INCLUDE_SOURCE;
				MTL_FAST_MATH = YES;
				ONLY_ACTIVE_ARCH = YES;
				SDKROOT = iphoneos;
				SWIFT_ACTIVE_COMPILATION_CONDITIONS = DEBUG;
				SWIFT_OPTIMIZATION_LEVEL = "-Onone";
			};
			name = Debug;
		};
		430DB42424F172E300AB0CC4 /* Release */ = {
			isa = XCBuildConfiguration;
			buildSettings = {
				ALWAYS_SEARCH_USER_PATHS = NO;
				CLANG_ANALYZER_NONNULL = YES;
				CLANG_ANALYZER_NUMBER_OBJECT_CONVERSION = YES_AGGRESSIVE;
				CLANG_CXX_LANGUAGE_STANDARD = "gnu++14";
				CLANG_CXX_LIBRARY = "libc++";
				CLANG_ENABLE_MODULES = YES;
				CLANG_ENABLE_OBJC_ARC = YES;
				CLANG_ENABLE_OBJC_WEAK = YES;
				CLANG_WARN_BLOCK_CAPTURE_AUTORELEASING = YES;
				CLANG_WARN_BOOL_CONVERSION = YES;
				CLANG_WARN_COMMA = YES;
				CLANG_WARN_CONSTANT_CONVERSION = YES;
				CLANG_WARN_DEPRECATED_OBJC_IMPLEMENTATIONS = YES;
				CLANG_WARN_DIRECT_OBJC_ISA_USAGE = YES_ERROR;
				CLANG_WARN_DOCUMENTATION_COMMENTS = YES;
				CLANG_WARN_EMPTY_BODY = YES;
				CLANG_WARN_ENUM_CONVERSION = YES;
				CLANG_WARN_INFINITE_RECURSION = YES;
				CLANG_WARN_INT_CONVERSION = YES;
				CLANG_WARN_NON_LITERAL_NULL_CONVERSION = YES;
				CLANG_WARN_OBJC_IMPLICIT_RETAIN_SELF = YES;
				CLANG_WARN_OBJC_LITERAL_CONVERSION = YES;
				CLANG_WARN_OBJC_ROOT_CLASS = YES_ERROR;
				CLANG_WARN_RANGE_LOOP_ANALYSIS = YES;
				CLANG_WARN_STRICT_PROTOTYPES = YES;
				CLANG_WARN_SUSPICIOUS_MOVE = YES;
				CLANG_WARN_UNGUARDED_AVAILABILITY = YES_AGGRESSIVE;
				CLANG_WARN_UNREACHABLE_CODE = YES;
				CLANG_WARN__DUPLICATE_METHOD_MATCH = YES;
				COPY_PHASE_STRIP = NO;
				DEBUG_INFORMATION_FORMAT = "dwarf-with-dsym";
				ENABLE_NS_ASSERTIONS = NO;
				ENABLE_STRICT_OBJC_MSGSEND = YES;
				GCC_C_LANGUAGE_STANDARD = gnu11;
				GCC_NO_COMMON_BLOCKS = YES;
				GCC_WARN_64_TO_32_BIT_CONVERSION = YES;
				GCC_WARN_ABOUT_RETURN_TYPE = YES_ERROR;
				GCC_WARN_UNDECLARED_SELECTOR = YES;
				GCC_WARN_UNINITIALIZED_AUTOS = YES_AGGRESSIVE;
				GCC_WARN_UNUSED_FUNCTION = YES;
				GCC_WARN_UNUSED_VARIABLE = YES;
				IPHONEOS_DEPLOYMENT_TARGET = 13.6;
				MTL_ENABLE_DEBUG_INFO = NO;
				MTL_FAST_MATH = YES;
				SDKROOT = iphoneos;
				SWIFT_COMPILATION_MODE = wholemodule;
				SWIFT_OPTIMIZATION_LEVEL = "-O";
				VALIDATE_PRODUCT = YES;
			};
			name = Release;
		};
		430DB42624F172E300AB0CC4 /* Debug */ = {
			isa = XCBuildConfiguration;
			buildSettings = {
				ASSETCATALOG_COMPILER_APPICON_NAME = AppIcon;
				CODE_SIGN_STYLE = Automatic;
				INFOPLIST_FILE = slidersRGB/Info.plist;
				LD_RUNPATH_SEARCH_PATHS = (
					"$(inherited)",
					"@executable_path/Frameworks",
				);
				PRODUCT_BUNDLE_IDENTIFIER = ru.test.slidersRGB;
				PRODUCT_NAME = "$(TARGET_NAME)";
				SWIFT_VERSION = 5.0;
				TARGETED_DEVICE_FAMILY = "1,2";
			};
			name = Debug;
		};
		430DB42724F172E300AB0CC4 /* Release */ = {
			isa = XCBuildConfiguration;
			buildSettings = {
				ASSETCATALOG_COMPILER_APPICON_NAME = AppIcon;
				CODE_SIGN_STYLE = Automatic;
				INFOPLIST_FILE = slidersRGB/Info.plist;
				LD_RUNPATH_SEARCH_PATHS = (
					"$(inherited)",
					"@executable_path/Frameworks",
				);
				PRODUCT_BUNDLE_IDENTIFIER = ru.test.slidersRGB;
				PRODUCT_NAME = "$(TARGET_NAME)";
				SWIFT_VERSION = 5.0;
				TARGETED_DEVICE_FAMILY = "1,2";
			};
			name = Release;
		};
/* End XCBuildConfiguration section */

/* Begin XCConfigurationList section */
		430DB40C24F172E300AB0CC4 /* Build configuration list for PBXProject "slidersRGB" */ = {
			isa = XCConfigurationList;
			buildConfigurations = (
				430DB42324F172E300AB0CC4 /* Debug */,
				430DB42424F172E300AB0CC4 /* Release */,
			);
			defaultConfigurationIsVisible = 0;
			defaultConfigurationName = Release;
		};
		430DB42524F172E300AB0CC4 /* Build configuration list for PBXNativeTarget "slidersRGB" */ = {
			isa = XCConfigurationList;
			buildConfigurations = (
				430DB42624F172E300AB0CC4 /* Debug */,
				430DB42724F172E300AB0CC4 /* Release */,
			);
			defaultConfigurationIsVisible = 0;
			defaultConfigurationName = Release;
		};
/* End XCConfigurationList section */
	};
	rootObject = 430DB40924F172E300AB0CC4 /* Project object */;
}
